Microsoft Visual Studio Solution File, Format Version 11.00
# Visual Studio 2008

Project("{88412754-F9CA-F484-B662-6F423144F284}") = "Flappy Bird", "Assembly-UnityScript.unityproj", "{36B73579-3D75-D30F-45A9-387A9146601B}"
EndProject
Global
	GlobalSection(SolutionConfigurationPlatforms) = preSolution
		Debug|Any CPU = Debug|Any CPU
		Release|Any CPU = Release|Any CPU
	EndGlobalSection
	GlobalSection(ProjectConfigurationPlatforms) = postSolution
		{36B73579-3D75-D30F-45A9-387A9146601B}.Debug|Any CPU.ActiveCfg = Debug|Any CPU
		{36B73579-3D75-D30F-45A9-387A9146601B}.Debug|Any CPU.Build.0 = Debug|Any CPU
		{36B73579-3D75-D30F-45A9-387A9146601B}.Release|Any CPU.ActiveCfg = Release|Any CPU
		{36B73579-3D75-D30F-45A9-387A9146601B}.Release|Any CPU.Build.0 = Release|Any CPU
	EndGlobalSection
	GlobalSection(SolutionProperties) = preSolution
		HideSolutionNode = FALSE
	EndGlobalSection
	GlobalSection(MonoDevelopProperties) = preSolution
		StartupItem = Assembly-CSharp.csproj
	EndGlobalSection
EndGlobal
